
Microsoft Visual Studio Solution File, Format Version 12.00
# Visual Studio Version 17
VisualStudioVersion = 17.13.35825.156 d17.13
MinimumVisualStudioVersion = 10.0.40219.1
Project("{FAE04EC0-301F-11D3-BF4B-00C04F79EFBC}") = "WebRobotStrike", "WebRobotStrike\WebRobotStrike.csproj", "{B0203ECF-1D2C-4283-9632-5856A75366A0}"
EndProject
Project("{FAE04EC0-301F-11D3-BF4B-00C04F79EFBC}") = "tiz_teh_final_csharp_project", "tiz_teh_final_csharp_project\tiz_teh_final_csharp_project.csproj", "{B8A3BD6E-876A-4A63-B905-40E601F40D75}"
EndProject
Project("{FAE04EC0-301F-11D3-BF4B-00C04F79EFBC}") = "TestFinalCSharpProject", "TestFinalCSharpProject\TestFinalCSharpProject.csproj", "{F56D39D0-D5B5-460A-A6FC-85CF68748A7E}"
EndProject
Global
	GlobalSection(SolutionConfigurationPlatforms) = preSolution
		Debug|Any CPU = Debug|Any CPU
		Release|Any CPU = Release|Any CPU
	EndGlobalSection
	GlobalSection(ProjectConfigurationPlatforms) = postSolution
		{B0203ECF-1D2C-4283-9632-5856A75366A0}.Debug|Any CPU.ActiveCfg = Debug|Any CPU
		{B0203ECF-1D2C-4283-9632-5856A75366A0}.Debug|Any CPU.Build.0 = Debug|Any CPU
		{B0203ECF-1D2C-4283-9632-5856A75366A0}.Release|Any CPU.ActiveCfg = Release|Any CPU
		{B0203ECF-1D2C-4283-9632-5856A75366A0}.Release|Any CPU.Build.0 = Release|Any CPU
		{B8A3BD6E-876A-4A63-B905-40E601F40D75}.Debug|Any CPU.ActiveCfg = Debug|Any CPU
		{B8A3BD6E-876A-4A63-B905-40E601F40D75}.Debug|Any CPU.Build.0 = Debug|Any CPU
		{B8A3BD6E-876A-4A63-B905-40E601F40D75}.Release|Any CPU.ActiveCfg = Release|Any CPU
		{B8A3BD6E-876A-4A63-B905-40E601F40D75}.Release|Any CPU.Build.0 = Release|Any CPU
		{F56D39D0-D5B5-460A-A6FC-85CF68748A7E}.Debug|Any CPU.ActiveCfg = Debug|Any CPU
		{F56D39D0-D5B5-460A-A6FC-85CF68748A7E}.Debug|Any CPU.Build.0 = Debug|Any CPU
		{F56D39D0-D5B5-460A-A6FC-85CF68748A7E}.Release|Any CPU.ActiveCfg = Release|Any CPU
		{F56D39D0-D5B5-460A-A6FC-85CF68748A7E}.Release|Any CPU.Build.0 = Release|Any CPU
	EndGlobalSection
	GlobalSection(SolutionProperties) = preSolution
		HideSolutionNode = FALSE
	EndGlobalSection
	GlobalSection(ExtensibilityGlobals) = postSolution
		SolutionGuid = {C825821C-2C35-48D0-8583-F30C50580332}
	EndGlobalSection
EndGlobal
