
Microsoft Visual Studio Solution File, Format Version 12.00
# Visual Studio Version 17
VisualStudioVersion = 17.13.35825.156 d17.13
MinimumVisualStudioVersion = 10.0.40219.1
Project("{FAE04EC0-301F-11D3-BF4B-00C04F79EFBC}") = "WebRobotStrike", "WebRobotStrike\WebRobotStrike.csproj", "{B0203ECF-1D2C-4283-9632-5856A75366A0}"
EndProject
Project("{FAE04EC0-301F-11D3-BF4B-00C04F79EFBC}") = "Backend", "Backend\Backend.csproj", "{7BF5389E-AD13-4828-AEAF-8C649859C612}"
EndProject
Global
	GlobalSection(SolutionConfigurationPlatforms) = preSolution
		Debug|Any CPU = Debug|Any CPU
		Release|Any CPU = Release|Any CPU
	EndGlobalSection
	GlobalSection(ProjectConfigurationPlatforms) = postSolution
		{B0203ECF-1D2C-4283-9632-5856A75366A0}.Debug|Any CPU.ActiveCfg = Debug|Any CPU
		{B0203ECF-1D2C-4283-9632-5856A75366A0}.Debug|Any CPU.Build.0 = Debug|Any CPU
		{B0203ECF-1D2C-4283-9632-5856A75366A0}.Release|Any CPU.ActiveCfg = Release|Any CPU
		{B0203ECF-1D2C-4283-9632-5856A75366A0}.Release|Any CPU.Build.0 = Release|Any CPU
		{7BF5389E-AD13-4828-AEAF-8C649859C612}.Debug|Any CPU.ActiveCfg = Debug|Any CPU
		{7BF5389E-AD13-4828-AEAF-8C649859C612}.Debug|Any CPU.Build.0 = Debug|Any CPU
		{7BF5389E-AD13-4828-AEAF-8C649859C612}.Release|Any CPU.ActiveCfg = Release|Any CPU
		{7BF5389E-AD13-4828-AEAF-8C649859C612}.Release|Any CPU.Build.0 = Release|Any CPU
	EndGlobalSection
	GlobalSection(SolutionProperties) = preSolution
		HideSolutionNode = FALSE
	EndGlobalSection
	GlobalSection(ExtensibilityGlobals) = postSolution
		SolutionGuid = {C825821C-2C35-48D0-8583-F30C50580332}
	EndGlobalSection
EndGlobal
